
Microsoft Visual Studio Solution File, Format Version 12.00
# Visual Studio Version 17
VisualStudioVersion = 17.2.32602.215
MinimumVisualStudioVersion = 10.0.40219.1
Project("{9A19103F-16F7-4668-BE54-9A1E7A4F7556}") = "WebAPI", "WebAPI\WebAPI.csproj", "{93CCB9E8-D3D1-4BC3-ABA7-5FFEA5E5D5E8}"
EndProject
Project("{FAE04EC0-301F-11D3-BF4B-00C04F79EFBC}") = "UnitTesting", "UnitTesting\UnitTesting.csproj", "{66D3D6D5-3A30-4639-9A42-A9CFA333EC34}"
EndProject
Global
	GlobalSection(SolutionConfigurationPlatforms) = preSolution
		Debug|Any CPU = Debug|Any CPU
		Release|Any CPU = Release|Any CPU
	EndGlobalSection
	GlobalSection(ProjectConfigurationPlatforms) = postSolution
		{93CCB9E8-D3D1-4BC3-ABA7-5FFEA5E5D5E8}.Debug|Any CPU.ActiveCfg = Debug|Any CPU
		{93CCB9E8-D3D1-4BC3-ABA7-5FFEA5E5D5E8}.Debug|Any CPU.Build.0 = Debug|Any CPU
		{93CCB9E8-D3D1-4BC3-ABA7-5FFEA5E5D5E8}.Release|Any CPU.ActiveCfg = Release|Any CPU
		{93CCB9E8-D3D1-4BC3-ABA7-5FFEA5E5D5E8}.Release|Any CPU.Build.0 = Release|Any CPU
		{66D3D6D5-3A30-4639-9A42-A9CFA333EC34}.Debug|Any CPU.ActiveCfg = Debug|Any CPU
		{66D3D6D5-3A30-4639-9A42-A9CFA333EC34}.Debug|Any CPU.Build.0 = Debug|Any CPU
		{66D3D6D5-3A30-4639-9A42-A9CFA333EC34}.Release|Any CPU.ActiveCfg = Release|Any CPU
		{66D3D6D5-3A30-4639-9A42-A9CFA333EC34}.Release|Any CPU.Build.0 = Release|Any CPU
	EndGlobalSection
	GlobalSection(SolutionProperties) = preSolution
		HideSolutionNode = FALSE
	EndGlobalSection
	GlobalSection(ExtensibilityGlobals) = postSolution
		SolutionGuid = {E87CB682-40A7-46A9-8C50-5C8560A47B97}
	EndGlobalSection
EndGlobal
